// !$*UTF8*$!
{
	archiveVersion = 1;
	classes = {
	};
	objectVersion = 50;
	objects = {

/* Begin PBXBuildFile section */
		EEB55AA523F4B14600DF2253 /* AppDelegate.swift in Sources */ = {isa = PBXBuildFile; fileRef = EEB55AA423F4B14600DF2253 /* AppDelegate.swift */; };
		EEB55AA723F4B14600DF2253 /* SceneDelegate.swift in Sources */ = {isa = PBXBuildFile; fileRef = EEB55AA623F4B14600DF2253 /* SceneDelegate.swift */; };
		EEB55AA923F4B14600DF2253 /* ViewController.swift in Sources */ = {isa = PBXBuildFile; fileRef = EEB55AA823F4B14600DF2253 /* ViewController.swift */; };
		EEB55AAC23F4B14600DF2253 /* Main.storyboard in Resources */ = {isa = PBXBuildFile; fileRef = EEB55AAA23F4B14600DF2253 /* Main.storyboard */; };
		EEB55AAE23F4B14700DF2253 /* Assets.xcassets in Resources */ = {isa = PBXBuildFile; fileRef = EEB55AAD23F4B14700DF2253 /* Assets.xcassets */; };
		EEB55AB123F4B14700DF2253 /* LaunchScreen.storyboard in Resources */ = {isa = PBXBuildFile; fileRef = EEB55AAF23F4B14700DF2253 /* LaunchScreen.storyboard */; };
/* End PBXBuildFile section */

/* Begin PBXFileReference section */
		EEB55AA123F4B14600DF2253 /* Uber test app.app */ = {isa = PBXFileReference; explicitFileType = wrapper.application; includeInIndex = 0; path = "Uber test app.app"; sourceTree = BUILT_PRODUCTS_DIR; };
		EEB55AA423F4B14600DF2253 /* AppDelegate.swift */ = {isa = PBXFileReference; lastKnownFileType = sourcecode.swift; path = AppDelegate.swift; sourceTree = "<group>"; };
		EEB55AA623F4B14600DF2253 /* SceneDelegate.swift */ = {isa = PBXFileReference; lastKnownFileType = sourcecode.swift; path = SceneDelegate.swift; sourceTree = "<group>"; };
		EEB55AA823F4B14600DF2253 /* ViewController.swift */ = {isa = PBXFileReference; lastKnownFileType = sourcecode.swift; path = ViewController.swift; sourceTree = "<group>"; };
		EEB55AAB23F4B14600DF2253 /* Base */ = {isa = PBXFileReference; lastKnownFileType = file.storyboard; name = Base; path = Base.lproj/Main.storyboard; sourceTree = "<group>"; };
		EEB55AAD23F4B14700DF2253 /* Assets.xcassets */ = {isa = PBXFileReference; lastKnownFileType = folder.assetcatalog; path = Assets.xcassets; sourceTree = "<group>"; };
		EEB55AB023F4B14700DF2253 /* Base */ = {isa = PBXFileReference; lastKnownFileType = file.storyboard; name = Base; path = Base.lproj/LaunchScreen.storyboard; sourceTree = "<group>"; };
		EEB55AB223F4B14700DF2253 /* Info.plist */ = {isa = PBXFileReference; lastKnownFileType = text.plist.xml; path = Info.plist; sourceTree = "<group>"; };
/* End PBXFileReference section */

/* Begin PBXFrameworksBuildPhase section */
		EEB55A9E23F4B14600DF2253 /* Frameworks */ = {
			isa = PBXFrameworksBuildPhase;
			buildActionMask = 2147483647;
			files = (
			);
			runOnlyForDeploymentPostprocessing = 0;
		};
/* End PBXFrameworksBuildPhase section */

/* Begin PBXGroup section */
		EEB55A9823F4B14600DF2253 = {
			isa = PBXGroup;
			children = (
				EEB55AA323F4B14600DF2253 /* Uber test app */,
				EEB55AA223F4B14600DF2253 /* Products */,
			);
			sourceTree = "<group>";
		};
		EEB55AA223F4B14600DF2253 /* Products */ = {
			isa = PBXGroup;
			children = (
				EEB55AA123F4B14600DF2253 /* Uber test app.app */,
			);
			name = Products;
			sourceTree = "<group>";
		};
		EEB55AA323F4B14600DF2253 /* Uber test app */ = {
			isa = PBXGroup;
			children = (
				EEB55AA423F4B14600DF2253 /* AppDelegate.swift */,
				EEB55AA623F4B14600DF2253 /* SceneDelegate.swift */,
				EEB55AA823F4B14600DF2253 /* ViewController.swift */,
				EEB55AAA23F4B14600DF2253 /* Main.storyboard */,
				EEB55AAD23F4B14700DF2253 /* Assets.xcassets */,
				EEB55AAF23F4B14700DF2253 /* LaunchScreen.storyboard */,
				EEB55AB223F4B14700DF2253 /* Info.plist */,
			);
			path = "Uber test app";
			sourceTree = "<group>";
		};
/* End PBXGroup section */

/* Begin PBXNativeTarget section */
		EEB55AA023F4B14600DF2253 /* Uber test app */ = {
			isa = PBXNativeTarget;
			buildConfigurationList = EEB55AB523F4B14700DF2253 /* Build configuration list for PBXNativeTarget "Uber test app" */;
			buildPhases = (
				EEB55A9D23F4B14600DF2253 /* Sources */,
				EEB55A9E23F4B14600DF2253 /* Frameworks */,
				EEB55A9F23F4B14600DF2253 /* Resources */,
			);
			buildRules = (
			);
			dependencies = (
			);
			name = "Uber test app";
			productName = "Uber test app";
			productReference = EEB55AA123F4B14600DF2253 /* Uber test app.app */;
			productType = "com.apple.product-type.application";
		};
/* End PBXNativeTarget section */

/* Begin PBXProject section */
		EEB55A9923F4B14600DF2253 /* Project object */ = {
			isa = PBXProject;
			attributes = {
				LastSwiftUpdateCheck = 1130;
				LastUpgradeCheck = 1130;
				ORGANIZATIONNAME = "Kyle Olason";
				TargetAttributes = {
					EEB55AA023F4B14600DF2253 = {
						CreatedOnToolsVersion = 11.3.1;
					};
				};
			};
			buildConfigurationList = EEB55A9C23F4B14600DF2253 /* Build configuration list for PBXProject "Uber test app" */;
			compatibilityVersion = "Xcode 9.3";
			developmentRegion = en;
			hasScannedForEncodings = 0;
			knownRegions = (
				en,
				Base,
			);
			mainGroup = EEB55A9823F4B14600DF2253;
			productRefGroup = EEB55AA223F4B14600DF2253 /* Products */;
			projectDirPath = "";
			projectRoot = "";
			targets = (
				EEB55AA023F4B14600DF2253 /* Uber test app */,
			);
		};
/* End PBXProject section */

/* Begin PBXResourcesBuildPhase section */
		EEB55A9F23F4B14600DF2253 /* Resources */ = {
			isa = PBXResourcesBuildPhase;
			buildActionMask = 2147483647;
			files = (
				EEB55AB123F4B14700DF2253 /* LaunchScreen.storyboard in Resources */,
				EEB55AAE23F4B14700DF2253 /* Assets.xcassets in Resources */,
				EEB55AAC23F4B14600DF2253 /* Main.storyboard in Resources */,
			);
			runOnlyForDeploymentPostprocessing = 0;
		};
/* End PBXResourcesBuildPhase section */

/* Begin PBXSourcesBuildPhase section */
		EEB55A9D23F4B14600DF2253 /* Sources */ = {
			isa = PBXSourcesBuildPhase;
			buildActionMask = 2147483647;
			files = (
				EEB55AA923F4B14600DF2253 /* ViewController.swift in Sources */,
				EEB55AA523F4B14600DF2253 /* AppDelegate.swift in Sources */,
				EEB55AA723F4B14600DF2253 /* SceneDelegate.swift in Sources */,
			);
			runOnlyForDeploymentPostprocessing = 0;
		};
/* End PBXSourcesBuildPhase section */

/* Begin PBXVariantGroup section */
		EEB55AAA23F4B14600DF2253 /* Main.storyboard */ = {
			isa = PBXVariantGroup;
			children = (
				EEB55AAB23F4B14600DF2253 /* Base */,
			);
			name = Main.storyboard;
			sourceTree = "<group>";
		};
		EEB55AAF23F4B14700DF2253 /* LaunchScreen.storyboard */ = {
			isa = PBXVariantGroup;
			children = (
				EEB55AB023F4B14700DF2253 /* Base */,
			);
			name = LaunchScreen.storyboard;
			sourceTree = "<group>";
		};
/* End PBXVariantGroup section */

/* Begin XCBuildConfiguration section */
		EEB55AB323F4B14700DF2253 /* Debug */ = {
			isa = XCBuildConfiguration;
			buildSettings = {
				ALWAYS_SEARCH_USER_PATHS = NO;
				CLANG_ANALYZER_NONNULL = YES;
				CLANG_ANALYZER_NUMBER_OBJECT_CONVERSION = YES_AGGRESSIVE;
				CLANG_CXX_LANGUAGE_STANDARD = "gnu++14";
				CLANG_CXX_LIBRARY = "libc++";
				CLANG_ENABLE_MODULES = YES;
				CLANG_ENABLE_OBJC_ARC = YES;
				CLANG_ENABLE_OBJC_WEAK = YES;
				CLANG_WARN_BLOCK_CAPTURE_AUTORELEASING = YES;
				CLANG_WARN_BOOL_CONVERSION = YES;
				CLANG_WARN_COMMA = YES;
				CLANG_WARN_CONSTANT_CONVERSION = YES;
				CLANG_WARN_DEPRECATED_OBJC_IMPLEMENTATIONS = YES;
				CLANG_WARN_DIRECT_OBJC_ISA_USAGE = YES_ERROR;
				CLANG_WARN_DOCUMENTATION_COMMENTS = YES;
				CLANG_WARN_EMPTY_BODY = YES;
				CLANG_WARN_ENUM_CONVERSION = YES;
				CLANG_WARN_INFINITE_RECURSION = YES;
				CLANG_WARN_INT_CONVERSION = YES;
				CLANG_WARN_NON_LITERAL_NULL_CONVERSION = YES;
				CLANG_WARN_OBJC_IMPLICIT_RETAIN_SELF = YES;
				CLANG_WARN_OBJC_LITERAL_CONVERSION = YES;
				CLANG_WARN_OBJC_ROOT_CLASS = YES_ERROR;
				CLANG_WARN_RANGE_LOOP_ANALYSIS = YES;
				CLANG_WARN_STRICT_PROTOTYPES = YES;
				CLANG_WARN_SUSPICIOUS_MOVE = YES;
				CLANG_WARN_UNGUARDED_AVAILABILITY = YES_AGGRESSIVE;
				CLANG_WARN_UNREACHABLE_CODE = YES;
				CLANG_WARN__DUPLICATE_METHOD_MATCH = YES;
				COPY_PHASE_STRIP = NO;
				DEBUG_INFORMATION_FORMAT = dwarf;
				ENABLE_STRICT_OBJC_MSGSEND = YES;
				ENABLE_TESTABILITY = YES;
				GCC_C_LANGUAGE_STANDARD = gnu11;
				GCC_DYNAMIC_NO_PIC = NO;
				GCC_NO_COMMON_BLOCKS = YES;
				GCC_OPTIMIZATION_LEVEL = 0;
				GCC_PREPROCESSOR_DEFINITIONS = (
					"DEBUG=1",
					"$(inherited)",
				);
				GCC_WARN_64_TO_32_BIT_CONVERSION = YES;
				GCC_WARN_ABOUT_RETURN_TYPE = YES_ERROR;
				GCC_WARN_UNDECLARED_SELECTOR = YES;
				GCC_WARN_UNINITIALIZED_AUTOS = YES_AGGRESSIVE;
				GCC_WARN_UNUSED_FUNCTION = YES;
				GCC_WARN_UNUSED_VARIABLE = YES;
				IPHONEOS_DEPLOYMENT_TARGET = 13.2;
				MTL_ENABLE_DEBUG_INFO = INCLUDE_SOURCE;
				MTL_FAST_MATH = YES;
				ONLY_ACTIVE_ARCH = YES;
				SDKROOT = iphoneos;
				SWIFT_ACTIVE_COMPILATION_CONDITIONS = DEBUG;
				SWIFT_OPTIMIZATION_LEVEL = "-Onone";
			};
			name = Debug;
		};
		EEB55AB423F4B14700DF2253 /* Release */ = {
			isa = XCBuildConfiguration;
			buildSettings = {
				ALWAYS_SEARCH_USER_PATHS = NO;
				CLANG_ANALYZER_NONNULL = YES;
				CLANG_ANALYZER_NUMBER_OBJECT_CONVERSION = YES_AGGRESSIVE;
				CLANG_CXX_LANGUAGE_STANDARD = "gnu++14";
				CLANG_CXX_LIBRARY = "libc++";
				CLANG_ENABLE_MODULES = YES;
				CLANG_ENABLE_OBJC_ARC = YES;
				CLANG_ENABLE_OBJC_WEAK = YES;
				CLANG_WARN_BLOCK_CAPTURE_AUTORELEASING = YES;
				CLANG_WARN_BOOL_CONVERSION = YES;
				CLANG_WARN_COMMA = YES;
				CLANG_WARN_CONSTANT_CONVERSION = YES;
				CLANG_WARN_DEPRECATED_OBJC_IMPLEMENTATIONS = YES;
				CLANG_WARN_DIRECT_OBJC_ISA_USAGE = YES_ERROR;
				CLANG_WARN_DOCUMENTATION_COMMENTS = YES;
				CLANG_WARN_EMPTY_BODY = YES;
				CLANG_WARN_ENUM_CONVERSION = YES;
				CLANG_WARN_INFINITE_RECURSION = YES;
				CLANG_WARN_INT_CONVERSION = YES;
				CLANG_WARN_NON_LITERAL_NULL_CONVERSION = YES;
				CLANG_WARN_OBJC_IMPLICIT_RETAIN_SELF = YES;
				CLANG_WARN_OBJC_LITERAL_CONVERSION = YES;
				CLANG_WARN_OBJC_ROOT_CLASS = YES_ERROR;
				CLANG_WARN_RANGE_LOOP_ANALYSIS = YES;
				CLANG_WARN_STRICT_PROTOTYPES = YES;
				CLANG_WARN_SUSPICIOUS_MOVE = YES;
				CLANG_WARN_UNGUARDED_AVAILABILITY = YES_AGGRESSIVE;
				CLANG_WARN_UNREACHABLE_CODE = YES;
				CLANG_WARN__DUPLICATE_METHOD_MATCH = YES;
				COPY_PHASE_STRIP = NO;
				DEBUG_INFORMATION_FORMAT = "dwarf-with-dsym";
				ENABLE_NS_ASSERTIONS = NO;
				ENABLE_STRICT_OBJC_MSGSEND = YES;
				GCC_C_LANGUAGE_STANDARD = gnu11;
				GCC_NO_COMMON_BLOCKS = YES;
				GCC_WARN_64_TO_32_BIT_CONVERSION = YES;
				GCC_WARN_ABOUT_RETURN_TYPE = YES_ERROR;
				GCC_WARN_UNDECLARED_SELECTOR = YES;
				GCC_WARN_UNINITIALIZED_AUTOS = YES_AGGRESSIVE;
				GCC_WARN_UNUSED_FUNCTION = YES;
				GCC_WARN_UNUSED_VARIABLE = YES;
				IPHONEOS_DEPLOYMENT_TARGET = 13.2;
				MTL_ENABLE_DEBUG_INFO = NO;
				MTL_FAST_MATH = YES;
				SDKROOT = iphoneos;
				SWIFT_COMPILATION_MODE = wholemodule;
				SWIFT_OPTIMIZATION_LEVEL = "-O";
				VALIDATE_PRODUCT = YES;
			};
			name = Release;
		};
		EEB55AB623F4B14700DF2253 /* Debug */ = {
			isa = XCBuildConfiguration;
			buildSettings = {
				ASSETCATALOG_COMPILER_APPICON_NAME = AppIcon;
				CODE_SIGN_STYLE = Automatic;
				DEVELOPMENT_TEAM = R23668284Q;
				INFOPLIST_FILE = "Uber test app/Info.plist";
				LD_RUNPATH_SEARCH_PATHS = (
					"$(inherited)",
					"@executable_path/Frameworks",
				);
				PRODUCT_BUNDLE_IDENTIFIER = "Kolason.Uber-test-app";
				PRODUCT_NAME = "$(TARGET_NAME)";
				SWIFT_VERSION = 5.0;
				TARGETED_DEVICE_FAMILY = "1,2";
			};
			name = Debug;
		};
		EEB55AB723F4B14700DF2253 /* Release */ = {
			isa = XCBuildConfiguration;
			buildSettings = {
				ASSETCATALOG_COMPILER_APPICON_NAME = AppIcon;
				CODE_SIGN_STYLE = Automatic;
				DEVELOPMENT_TEAM = R23668284Q;
				INFOPLIST_FILE = "Uber test app/Info.plist";
				LD_RUNPATH_SEARCH_PATHS = (
					"$(inherited)",
					"@executable_path/Frameworks",
				);
				PRODUCT_BUNDLE_IDENTIFIER = "Kolason.Uber-test-app";
				PRODUCT_NAME = "$(TARGET_NAME)";
				SWIFT_VERSION = 5.0;
				TARGETED_DEVICE_FAMILY = "1,2";
			};
			name = Release;
		};
/* End XCBuildConfiguration section */

/* Begin XCConfigurationList section */
		EEB55A9C23F4B14600DF2253 /* Build configuration list for PBXProject "Uber test app" */ = {
			isa = XCConfigurationList;
			buildConfigurations = (
				EEB55AB323F4B14700DF2253 /* Debug */,
				EEB55AB423F4B14700DF2253 /* Release */,
			);
			defaultConfigurationIsVisible = 0;
			defaultConfigurationName = Release;
		};
		EEB55AB523F4B14700DF2253 /* Build configuration list for PBXNativeTarget "Uber test app" */ = {
			isa = XCConfigurationList;
			buildConfigurations = (
				EEB55AB623F4B14700DF2253 /* Debug */,
				EEB55AB723F4B14700DF2253 /* Release */,
			);
			defaultConfigurationIsVisible = 0;
			defaultConfigurationName = Release;
		};
/* End XCConfigurationList section */
	};
	rootObject = EEB55A9923F4B14600DF2253 /* Project object */;
}
